
Microsoft Visual Studio Solution File, Format Version 12.00
# Visual Studio Version 17
VisualStudioVersion = 17.0.31903.59
MinimumVisualStudioVersion = 10.0.40219.1
Project("{FAE04EC0-301F-11D3-BF4B-00C04F79EFBC}") = "beecrowd", "beecrowd\beecrowd.csproj", "{B72EE33D-A5FB-4AB5-9C92-A7FD0ABE8A14}"
EndProject
Global
	GlobalSection(SolutionConfigurationPlatforms) = preSolution
		Debug|Any CPU = Debug|Any CPU
		Release|Any CPU = Release|Any CPU
	EndGlobalSection
	GlobalSection(SolutionProperties) = preSolution
		HideSolutionNode = FALSE
	EndGlobalSection
	GlobalSection(ProjectConfigurationPlatforms) = postSolution
		{B72EE33D-A5FB-4AB5-9C92-A7FD0ABE8A14}.Debug|Any CPU.ActiveCfg = Debug|Any CPU
		{B72EE33D-A5FB-4AB5-9C92-A7FD0ABE8A14}.Debug|Any CPU.Build.0 = Debug|Any CPU
		{B72EE33D-A5FB-4AB5-9C92-A7FD0ABE8A14}.Release|Any CPU.ActiveCfg = Release|Any CPU
		{B72EE33D-A5FB-4AB5-9C92-A7FD0ABE8A14}.Release|Any CPU.Build.0 = Release|Any CPU
	EndGlobalSection
EndGlobal
